
Microsoft Visual Studio Solution File, Format Version 12.00
# Visual Studio Version 16
VisualStudioVersion = 16.0.30413.136
MinimumVisualStudioVersion = 10.0.40219.1
Project("{FAE04EC0-301F-11D3-BF4B-00C04F79EFBC}") = "BlazorWasmIdentity", "BlazorWasmIdentity\BlazorWasmIdentity.csproj", "{8CE6204F-E705-449F-BD0B-0367F23FC9A6}"
EndProject
Project("{FAE04EC0-301F-11D3-BF4B-00C04F79EFBC}") = "WebApi", "WebApi\WebApi.csproj", "{0138828D-9F4B-419E-9AE6-6166316AB69A}"
EndProject
Project("{FAE04EC0-301F-11D3-BF4B-00C04F79EFBC}") = "SharedModels", "SharedModels\SharedModels.csproj", "{4299BF78-7CC3-4325-BAD3-3ED154A74325}"
EndProject
Global
	GlobalSection(SolutionConfigurationPlatforms) = preSolution
		Debug|Any CPU = Debug|Any CPU
		Release|Any CPU = Release|Any CPU
	EndGlobalSection
	GlobalSection(ProjectConfigurationPlatforms) = postSolution
		{8CE6204F-E705-449F-BD0B-0367F23FC9A6}.Debug|Any CPU.ActiveCfg = Debug|Any CPU
		{8CE6204F-E705-449F-BD0B-0367F23FC9A6}.Debug|Any CPU.Build.0 = Debug|Any CPU
		{8CE6204F-E705-449F-BD0B-0367F23FC9A6}.Release|Any CPU.ActiveCfg = Release|Any CPU
		{8CE6204F-E705-449F-BD0B-0367F23FC9A6}.Release|Any CPU.Build.0 = Release|Any CPU
		{0138828D-9F4B-419E-9AE6-6166316AB69A}.Debug|Any CPU.ActiveCfg = Debug|Any CPU
		{0138828D-9F4B-419E-9AE6-6166316AB69A}.Debug|Any CPU.Build.0 = Debug|Any CPU
		{0138828D-9F4B-419E-9AE6-6166316AB69A}.Release|Any CPU.ActiveCfg = Release|Any CPU
		{0138828D-9F4B-419E-9AE6-6166316AB69A}.Release|Any CPU.Build.0 = Release|Any CPU
		{4299BF78-7CC3-4325-BAD3-3ED154A74325}.Debug|Any CPU.ActiveCfg = Debug|Any CPU
		{4299BF78-7CC3-4325-BAD3-3ED154A74325}.Debug|Any CPU.Build.0 = Debug|Any CPU
		{4299BF78-7CC3-4325-BAD3-3ED154A74325}.Release|Any CPU.ActiveCfg = Release|Any CPU
		{4299BF78-7CC3-4325-BAD3-3ED154A74325}.Release|Any CPU.Build.0 = Release|Any CPU
	EndGlobalSection
	GlobalSection(SolutionProperties) = preSolution
		HideSolutionNode = FALSE
	EndGlobalSection
	GlobalSection(ExtensibilityGlobals) = postSolution
		SolutionGuid = {3FDE74E9-A9FE-4B43-B3EF-6362800C110F}
	EndGlobalSection
EndGlobal
